
Microsoft Visual Studio Solution File, Format Version 12.00
# Visual Studio Version 17
VisualStudioVersion = 17.5.002.0
MinimumVisualStudioVersion = 10.0.40219.1
Project("{9A19103F-16F7-4668-BE54-9A1E7A4F7556}") = "Tut11_AssetsPickingCompleted", "Tut11_AssetsPickingCompleted.csproj", "{B0C8B264-FDCE-4903-8739-53CE2472A8B2}"
EndProject
Global
	GlobalSection(SolutionConfigurationPlatforms) = preSolution
		Debug|Any CPU = Debug|Any CPU
		Release|Any CPU = Release|Any CPU
	EndGlobalSection
	GlobalSection(ProjectConfigurationPlatforms) = postSolution
		{B0C8B264-FDCE-4903-8739-53CE2472A8B2}.Debug|Any CPU.ActiveCfg = Debug|Any CPU
		{B0C8B264-FDCE-4903-8739-53CE2472A8B2}.Debug|Any CPU.Build.0 = Debug|Any CPU
		{B0C8B264-FDCE-4903-8739-53CE2472A8B2}.Release|Any CPU.ActiveCfg = Release|Any CPU
		{B0C8B264-FDCE-4903-8739-53CE2472A8B2}.Release|Any CPU.Build.0 = Release|Any CPU
	EndGlobalSection
	GlobalSection(SolutionProperties) = preSolution
		HideSolutionNode = FALSE
	EndGlobalSection
	GlobalSection(ExtensibilityGlobals) = postSolution
		SolutionGuid = {7C8DF196-224D-437B-A2E7-4EA0157FF728}
	EndGlobalSection
EndGlobal
